
Microsoft Visual Studio Solution File, Format Version 12.00
# Visual Studio Version 17
VisualStudioVersion = 17.14.36414.22 d17.14
MinimumVisualStudioVersion = 10.0.40219.1
Project("{FAE04EC0-301F-11D3-BF4B-00C04F79EFBC}") = "Week1", "Week1\Week1.csproj", "{62673EA0-0B4E-4F23-B3FA-E289D95F29F2}"
EndProject
Global
	GlobalSection(SolutionConfigurationPlatforms) = preSolution
		Debug|Any CPU = Debug|Any CPU
		Release|Any CPU = Release|Any CPU
	EndGlobalSection
	GlobalSection(ProjectConfigurationPlatforms) = postSolution
		{62673EA0-0B4E-4F23-B3FA-E289D95F29F2}.Debug|Any CPU.ActiveCfg = Debug|Any CPU
		{62673EA0-0B4E-4F23-B3FA-E289D95F29F2}.Debug|Any CPU.Build.0 = Debug|Any CPU
		{62673EA0-0B4E-4F23-B3FA-E289D95F29F2}.Release|Any CPU.ActiveCfg = Release|Any CPU
		{62673EA0-0B4E-4F23-B3FA-E289D95F29F2}.Release|Any CPU.Build.0 = Release|Any CPU
	EndGlobalSection
	GlobalSection(SolutionProperties) = preSolution
		HideSolutionNode = FALSE
	EndGlobalSection
	GlobalSection(ExtensibilityGlobals) = postSolution
		SolutionGuid = {010D074A-5B23-4CA1-9222-B9D5C45347DD}
	EndGlobalSection
EndGlobal
