
Microsoft Visual Studio Solution File, Format Version 12.00
# Visual Studio Version 17
VisualStudioVersion = 17.14.36414.22 d17.14
MinimumVisualStudioVersion = 10.0.40219.1
Project("{FAE04EC0-301F-11D3-BF4B-00C04F79EFBC}") = "Exercise1", "Exercise1\Exercise1.csproj", "{66CB6951-9BEB-417B-B0D6-631A8240FDA7}"
EndProject
Global
	GlobalSection(SolutionConfigurationPlatforms) = preSolution
		Debug|Any CPU = Debug|Any CPU
		Release|Any CPU = Release|Any CPU
	EndGlobalSection
	GlobalSection(ProjectConfigurationPlatforms) = postSolution
		{66CB6951-9BEB-417B-B0D6-631A8240FDA7}.Debug|Any CPU.ActiveCfg = Debug|Any CPU
		{66CB6951-9BEB-417B-B0D6-631A8240FDA7}.Debug|Any CPU.Build.0 = Debug|Any CPU
		{66CB6951-9BEB-417B-B0D6-631A8240FDA7}.Release|Any CPU.ActiveCfg = Release|Any CPU
		{66CB6951-9BEB-417B-B0D6-631A8240FDA7}.Release|Any CPU.Build.0 = Release|Any CPU
	EndGlobalSection
	GlobalSection(SolutionProperties) = preSolution
		HideSolutionNode = FALSE
	EndGlobalSection
	GlobalSection(ExtensibilityGlobals) = postSolution
		SolutionGuid = {53D76A86-1532-4303-969D-08B8EA777A0F}
	EndGlobalSection
EndGlobal
